{
  "version": "5",
  "specifiers": {
    "jsr:@hono/hono@^4.12.27": "4.12.27",
    "jsr:@std/assert@*": "1.0.19",
    "jsr:@std/internal@^1.0.12": "1.0.14",
    "jsr:@std/internal@^1.0.14": "1.0.14",
    "jsr:@std/path@1": "1.1.6",
    "npm:@bufbuild/protobuf@2.13.0": "2.13.0",
    "npm:@pkmn/client@0.7.3": "0.7.3",
    "npm:@pkmn/client@~0.7.3": "0.7.3",
    "npm:@pkmn/data@~0.10.11": "0.10.11",
    "npm:@pkmn/dex@~0.10.11": "0.10.11",
    "npm:@pkmn/protocol@~0.7.3": "0.7.3",
    "npm:@pkmn/sim@~0.10.11": "0.10.11",
    "npm:ws@8.18.3": "8.18.3"
  },
  "jsr": {
    "@hono/hono@4.12.27": {
      "integrity": "3acc640592008e43f7048e8e53275203e0da84fbcd50201121195da7560583dc"
    },
    "@std/assert@1.0.19": {
      "integrity": "eaada96ee120cb980bc47e040f82814d786fe8162ecc53c91d8df60b8755991e",
      "dependencies": [
        "jsr:@std/internal@^1.0.12"
      ]
    },
    "@std/internal@1.0.14": {
      "integrity": "291516b3d4c35024d6ffbc0a9df5bf4c64116e05b50012cf846710152d2ffdf7"
    },
    "@std/path@1.1.6": {
      "integrity": "c68485c2a4dfbb5ae3cc74fae4e8c4e5d874cf8a8ed12927917235c758b46cbe",
      "dependencies": [
        "jsr:@std/internal@^1.0.14"
      ]
    }
  },
  "npm": {
    "@bufbuild/protobuf@2.13.0": {
      "integrity": "sha512-acq7c49vxfm1ggJ95P70TX7ABDM0vxr1SYD3BB0o0jnBLB4OAqeHyKuN+cD3w80gXEDQ2zxHpR6CUeA+O/aU9g=="
    },
    "@pkmn/client@0.7.3": {
      "integrity": "sha512-cFiibV4SdG7Q1OX0fhLfkUDlOhAIcMz0ENh4Vw758nxsCKlAU5ik5DN8JkKLGYyrL5tkwN1l3blHsWCJ3wbyLg==",
      "dependencies": [
        "@pkmn/data",
        "@pkmn/protocol"
      ]
    },
    "@pkmn/data@0.10.11": {
      "integrity": "sha512-WZiOOZEdIJybC1M2EJVazx+OKH5Hh544cPhNnjgNjn3B0LORP82YkL4jpZqkww+NoIHIXMvJBYLKg3GZBNm4kQ==",
      "dependencies": [
        "@pkmn/dex-types"
      ]
    },
    "@pkmn/dex-types@0.10.11": {
      "integrity": "sha512-6hvvi/iHCdBbUGK7RmWPCKuZGujEC+1elvxcLK2BpL/j7Q0roSuC33xrodDsyg2EuyJ5szGunzRtFztyrtb7aQ==",
      "dependencies": [
        "@pkmn/types"
      ]
    },
    "@pkmn/dex@0.10.11": {
      "integrity": "sha512-htR2Etf3WCiu4k4ukmyYD94do97sTm9LfmxJ8tg2uuPGJsZ98ZZGlJFUZNltfXU0pO61ItiU6obRXTw05qipDQ==",
      "dependencies": [
        "@pkmn/dex-types"
      ]
    },
    "@pkmn/protocol@0.7.3": {
      "integrity": "sha512-ohSQhckON0OWf/0rlO3gioiR0pFdI/0YNh4lUtsFyrJ2ntrpdsF/n3tasFo2Mxag0fuWNsIGo9lwCFNbxSdi1A==",
      "dependencies": [
        "@pkmn/types"
      ],
      "bin": true
    },
    "@pkmn/sets@5.2.0": {
      "integrity": "sha512-WHAW6bZu0WCo/3b+LTW7BE0fBhYZnWH1lCXIu2an8/wTiZ/+s1eTcQYj7W/YQKxWT5dm/La03AZ6CeqdJip9CQ==",
      "dependencies": [
        "@pkmn/types"
      ]
    },
    "@pkmn/sim@0.10.11": {
      "integrity": "sha512-v45jqIgFnEB3hc7e97QlWDnfkIef6mfZ0WjWHWw+f21cYyksGVLzxIEulR9xuOazeszA+ycDx6O6B3JOJAS5Xg==",
      "dependencies": [
        "@pkmn/sets",
        "@pkmn/streams",
        "ts-chacha20"
      ]
    },
    "@pkmn/streams@1.1.0": {
      "integrity": "sha512-Pp9k7gt4xd76DqTU+LQEUyzuaauM4bV1MlehVtX1NS7o9zMFtjw50MfaEQ62dIMZyzxNjsJGoLGBeY1iSYLsRA=="
    },
    "@pkmn/types@4.0.0": {
      "integrity": "sha512-gR2s/pxJYEegek1TtsYCQupNR3d5hMlcJFsiD+2LyfKr4tc+gETTql47tWLX5mFSbPcbXh7f4+7txlMIDoZx/g=="
    },
    "ts-chacha20@1.2.0": {
      "integrity": "sha512-PTyPoWYHc2we8P2NTn5hpYG211popWbkjiw+k63xqjeMrx9pPtXSclz9F3fu0Tpr+vfR1xxcQFwsEkh1cXMLqw=="
    },
    "ws@8.18.3": {
      "integrity": "sha512-PEIGCY5tSlUt50cqyMXfCzX+oOPqN0vuGqWzbcJ2xvnkzkq46oOpz7dQaTDBdfICb4N14+GARUDw2XV2N4tvzg=="
    }
  },
  "workspace": {
    "dependencies": [
      "jsr:@hono/hono@^4.12.27",
      "jsr:@std/assert@*",
      "jsr:@std/path@1",
      "npm:@bufbuild/protobuf@2.13.0",
      "npm:@pkmn/client@~0.7.3",
      "npm:@pkmn/data@~0.10.11",
      "npm:@pkmn/dex@~0.10.11",
      "npm:@pkmn/protocol@~0.7.3",
      "npm:@pkmn/sim@~0.10.11"
    ]
  }
}
